{
  "nodes": {
    "master": {
      "locked": {
        "lastModified": 1689582805,
        "narHash": "sha256-Qx/DVhF2+8pA8jC1o+mcwOaSVkMr4+e943JzfaoFmsQ=",
        "owner": "nixos",
        "repo": "nixpkgs",
        "rev": "1211e44d5b89641d47cedbec89dd2210a0a1aca8",
        "type": "github"
      },
      "original": {
        "owner": "nixos",
        "ref": "master",
        "repo": "nixpkgs",
        "type": "github"
      }
    },
    "nixos-22.11": {
      "locked": {
        "lastModified": 1688392541,
        "narHash": "sha256-lHrKvEkCPTUO+7tPfjIcb7Trk6k31rz18vkyqmkeJfY=",
        "owner": "nixos",
        "repo": "nixpkgs",
        "rev": "ea4c80b39be4c09702b0cb3b42eab59e2ba4f24b",
        "type": "github"
      },
      "original": {
        "owner": "nixos",
        "ref": "nixos-22.11",
        "repo": "nixpkgs",
        "type": "github"
      }
    },
    "nixos-unstable": {
      "locked": {
        "lastModified": 1689534811,
        "narHash": "sha256-jnSUdzD/414d94plCyNlvTJJtiTogTep6t7ZgIKIHiE=",
        "owner": "nixos",
        "repo": "nixpkgs",
        "rev": "6cee3b5893090b0f5f0a06b4cf42ca4e60e5d222",
        "type": "github"
      },
      "original": {
        "owner": "nixos",
        "ref": "nixos-unstable",
        "repo": "nixpkgs",
        "type": "github"
      }
    },
    "nixpkgs-unstable": {
      "locked": {
        "lastModified": 1689477032,
        "narHash": "sha256-tcVslINoIDszgc5cES0Y1k0Lq1HHPla9PSALU+Y8jkY=",
        "owner": "nixos",
        "repo": "nixpkgs",
        "rev": "66c990850b878437510cc6096e6babce86de5dcb",
        "type": "github"
      },
      "original": {
        "owner": "nixos",
        "ref": "nixpkgs-unstable",
        "repo": "nixpkgs",
        "type": "github"
      }
    },
    "root": {
      "inputs": {
        "master": "master",
        "nixos-22.11": "nixos-22.11",
        "nixos-unstable": "nixos-unstable",
        "nixpkgs-unstable": "nixpkgs-unstable"
      }
    }
  },
  "root": "root",
  "version": 7
}
